
Microsoft Visual Studio Solution File, Format Version 12.00
# Visual Studio Version 16
VisualStudioVersion = 16.0.30621.155
MinimumVisualStudioVersion = 10.0.40219.1
Project("{FAE04EC0-301F-11D3-BF4B-00C04F79EFBC}") = "Arthmetic", "Arthmetic\Arthmetic.csproj", "{723728EA-0BB8-4565-9538-C7141CA8B75A}"
EndProject
Global
	GlobalSection(SolutionConfigurationPlatforms) = preSolution
		Debug|Any CPU = Debug|Any CPU
		Release|Any CPU = Release|Any CPU
	EndGlobalSection
	GlobalSection(ProjectConfigurationPlatforms) = postSolution
		{723728EA-0BB8-4565-9538-C7141CA8B75A}.Debug|Any CPU.ActiveCfg = Debug|Any CPU
		{723728EA-0BB8-4565-9538-C7141CA8B75A}.Debug|Any CPU.Build.0 = Debug|Any CPU
		{723728EA-0BB8-4565-9538-C7141CA8B75A}.Release|Any CPU.ActiveCfg = Release|Any CPU
		{723728EA-0BB8-4565-9538-C7141CA8B75A}.Release|Any CPU.Build.0 = Release|Any CPU
	EndGlobalSection
	GlobalSection(SolutionProperties) = preSolution
		HideSolutionNode = FALSE
	EndGlobalSection
	GlobalSection(ExtensibilityGlobals) = postSolution
		SolutionGuid = {769865B1-9816-45B2-9B7C-649F6F0F68CB}
	EndGlobalSection
EndGlobal
